
Microsoft Visual Studio Solution File, Format Version 12.00
# Visual Studio Version 17
VisualStudioVersion = 17.7.34221.43
MinimumVisualStudioVersion = 10.0.40219.1
Project("{FAE04EC0-301F-11D3-BF4B-00C04F79EFBC}") = "SeleniumWebDriver_MP7", "SeleniumWebDriver_MP7\SeleniumWebDriver_MP7.csproj", "{884E5A04-43A2-4543-9059-8B47641EA960}"
EndProject
Global
	GlobalSection(SolutionConfigurationPlatforms) = preSolution
		Debug|Any CPU = Debug|Any CPU
		Release|Any CPU = Release|Any CPU
	EndGlobalSection
	GlobalSection(ProjectConfigurationPlatforms) = postSolution
		{884E5A04-43A2-4543-9059-8B47641EA960}.Debug|Any CPU.ActiveCfg = Debug|Any CPU
		{884E5A04-43A2-4543-9059-8B47641EA960}.Debug|Any CPU.Build.0 = Debug|Any CPU
		{884E5A04-43A2-4543-9059-8B47641EA960}.Release|Any CPU.ActiveCfg = Release|Any CPU
		{884E5A04-43A2-4543-9059-8B47641EA960}.Release|Any CPU.Build.0 = Release|Any CPU
	EndGlobalSection
	GlobalSection(SolutionProperties) = preSolution
		HideSolutionNode = FALSE
	EndGlobalSection
	GlobalSection(ExtensibilityGlobals) = postSolution
		SolutionGuid = {82EC149B-52F8-4B1A-9ACE-9DF4D9295977}
	EndGlobalSection
EndGlobal
