
Microsoft Visual Studio Solution File, Format Version 12.00
# Visual Studio Version 17
VisualStudioVersion = 17.4.33213.308
MinimumVisualStudioVersion = 10.0.40219.1
Project("{FAE04EC0-301F-11D3-BF4B-00C04F79EFBC}") = "MP7-progi", "MP7-progi.csproj", "{AA0D18A1-471F-4DD7-95F5-8F09DF4D4C64}"
EndProject
Global
	GlobalSection(SolutionConfigurationPlatforms) = preSolution
		Debug|Any CPU = Debug|Any CPU
		Release|Any CPU = Release|Any CPU
	EndGlobalSection
	GlobalSection(ProjectConfigurationPlatforms) = postSolution
		{AA0D18A1-471F-4DD7-95F5-8F09DF4D4C64}.Debug|Any CPU.ActiveCfg = Debug|Any CPU
		{AA0D18A1-471F-4DD7-95F5-8F09DF4D4C64}.Debug|Any CPU.Build.0 = Debug|Any CPU
		{AA0D18A1-471F-4DD7-95F5-8F09DF4D4C64}.Release|Any CPU.ActiveCfg = Release|Any CPU
		{AA0D18A1-471F-4DD7-95F5-8F09DF4D4C64}.Release|Any CPU.Build.0 = Release|Any CPU
	EndGlobalSection
	GlobalSection(SolutionProperties) = preSolution
		HideSolutionNode = FALSE
	EndGlobalSection
	GlobalSection(ExtensibilityGlobals) = postSolution
		SolutionGuid = {F0A41F71-A5C0-4010-B0C6-E600356E7897}
	EndGlobalSection
EndGlobal
